// !$*UTF8*$!
{
	archiveVersion = 1;
	classes = {
	};
	objectVersion = 46;
	objects = {

/* Begin PBXBuildFile section */
		F7A859DF195502F700334660 /* Foundation.framework in Frameworks */ = {isa = PBXBuildFile; fileRef = F7A859DE195502F700334660 /* Foundation.framework */; };
		F7A859E1195502F700334660 /* CoreGraphics.framework in Frameworks */ = {isa = PBXBuildFile; fileRef = F7A859E0195502F700334660 /* CoreGraphics.framework */; };
		F7A859E3195502F700334660 /* UIKit.framework in Frameworks */ = {isa = PBXBuildFile; fileRef = F7A859E2195502F700334660 /* UIKit.framework */; };
		F7A859E9195502F700334660 /* InfoPlist.strings in Resources */ = {isa = PBXBuildFile; fileRef = F7A859E7195502F700334660 /* InfoPlist.strings */; };
		F7A859EB195502F700334660 /* main.m in Sources */ = {isa = PBXBuildFile; fileRef = F7A859EA195502F700334660 /* main.m */; };
		F7A859EF195502F700334660 /* AppDelegate.m in Sources */ = {isa = PBXBuildFile; fileRef = F7A859EE195502F700334660 /* AppDelegate.m */; };
		F7A859F1195502F700334660 /* Images.xcassets in Resources */ = {isa = PBXBuildFile; fileRef = F7A859F0195502F700334660 /* Images.xcassets */; };
		F7A859F8195502F700334660 /* XCTest.framework in Frameworks */ = {isa = PBXBuildFile; fileRef = F7A859F7195502F700334660 /* XCTest.framework */; };
		F7A859F9195502F700334660 /* Foundation.framework in Frameworks */ = {isa = PBXBuildFile; fileRef = F7A859DE195502F700334660 /* Foundation.framework */; };
		F7A859FA195502F700334660 /* UIKit.framework in Frameworks */ = {isa = PBXBuildFile; fileRef = F7A859E2195502F700334660 /* UIKit.framework */; };
		F7A85A02195502F700334660 /* InfoPlist.strings in Resources */ = {isa = PBXBuildFile; fileRef = F7A85A00195502F700334660 /* InfoPlist.strings */; };
		F7A85A04195502F700334660 /* paperTests.m in Sources */ = {isa = PBXBuildFile; fileRef = F7A85A03195502F700334660 /* paperTests.m */; };
		F7A85A1319550EB900334660 /* MainViewController.m in Sources */ = {isa = PBXBuildFile; fileRef = F7A85A1119550EB900334660 /* MainViewController.m */; };
		F7A85A1419550EB900334660 /* MainViewController.xib in Resources */ = {isa = PBXBuildFile; fileRef = F7A85A1219550EB900334660 /* MainViewController.xib */; };
/* End PBXBuildFile section */

/* Begin PBXContainerItemProxy section */
		F7A859FB195502F700334660 /* PBXContainerItemProxy */ = {
			isa = PBXContainerItemProxy;
			containerPortal = F7A859D3195502F700334660 /* Project object */;
			proxyType = 1;
			remoteGlobalIDString = F7A859DA195502F700334660;
			remoteInfo = paper;
		};
/* End PBXContainerItemProxy section */

/* Begin PBXFileReference section */
		F7A859DB195502F700334660 /* paper.app */ = {isa = PBXFileReference; explicitFileType = wrapper.application; includeInIndex = 0; path = paper.app; sourceTree = BUILT_PRODUCTS_DIR; };
		F7A859DE195502F700334660 /* Foundation.framework */ = {isa = PBXFileReference; lastKnownFileType = wrapper.framework; name = Foundation.framework; path = System/Library/Frameworks/Foundation.framework; sourceTree = SDKROOT; };
		F7A859E0195502F700334660 /* CoreGraphics.framework */ = {isa = PBXFileReference; lastKnownFileType = wrapper.framework; name = CoreGraphics.framework; path = System/Library/Frameworks/CoreGraphics.framework; sourceTree = SDKROOT; };
		F7A859E2195502F700334660 /* UIKit.framework */ = {isa = PBXFileReference; lastKnownFileType = wrapper.framework; name = UIKit.framework; path = System/Library/Frameworks/UIKit.framework; sourceTree = SDKROOT; };
		F7A859E6195502F700334660 /* paper-Info.plist */ = {isa = PBXFileReference; lastKnownFileType = text.plist.xml; path = "paper-Info.plist"; sourceTree = "<group>"; };
		F7A859E8195502F700334660 /* en */ = {isa = PBXFileReference; lastKnownFileType = text.plist.strings; name = en; path = en.lproj/InfoPlist.strings; sourceTree = "<group>"; };
		F7A859EA195502F700334660 /* main.m */ = {isa = PBXFileReference; lastKnownFileType = sourcecode.c.objc; path = main.m; sourceTree = "<group>"; };
		F7A859EC195502F700334660 /* paper-Prefix.pch */ = {isa = PBXFileReference; lastKnownFileType = sourcecode.c.h; path = "paper-Prefix.pch"; sourceTree = "<group>"; };
		F7A859ED195502F700334660 /* AppDelegate.h */ = {isa = PBXFileReference; lastKnownFileType = sourcecode.c.h; path = AppDelegate.h; sourceTree = "<group>"; };
		F7A859EE195502F700334660 /* AppDelegate.m */ = {isa = PBXFileReference; lastKnownFileType = sourcecode.c.objc; path = AppDelegate.m; sourceTree = "<group>"; };
		F7A859F0195502F700334660 /* Images.xcassets */ = {isa = PBXFileReference; lastKnownFileType = folder.assetcatalog; path = Images.xcassets; sourceTree = "<group>"; };
		F7A859F6195502F700334660 /* paperTests.xctest */ = {isa = PBXFileReference; explicitFileType = wrapper.cfbundle; includeInIndex = 0; path = paperTests.xctest; sourceTree = BUILT_PRODUCTS_DIR; };
		F7A859F7195502F700334660 /* XCTest.framework */ = {isa = PBXFileReference; lastKnownFileType = wrapper.framework; name = XCTest.framework; path = Library/Frameworks/XCTest.framework; sourceTree = DEVELOPER_DIR; };
		F7A859FF195502F700334660 /* paperTests-Info.plist */ = {isa = PBXFileReference; lastKnownFileType = text.plist.xml; path = "paperTests-Info.plist"; sourceTree = "<group>"; };
		F7A85A01195502F700334660 /* en */ = {isa = PBXFileReference; lastKnownFileType = text.plist.strings; name = en; path = en.lproj/InfoPlist.strings; sourceTree = "<group>"; };
		F7A85A03195502F700334660 /* paperTests.m */ = {isa = PBXFileReference; lastKnownFileType = sourcecode.c.objc; path = paperTests.m; sourceTree = "<group>"; };
		F7A85A1019550EB900334660 /* MainViewController.h */ = {isa = PBXFileReference; fileEncoding = 4; lastKnownFileType = sourcecode.c.h; path = MainViewController.h; sourceTree = "<group>"; };
		F7A85A1119550EB900334660 /* MainViewController.m */ = {isa = PBXFileReference; fileEncoding = 4; lastKnownFileType = sourcecode.c.objc; path = MainViewController.m; sourceTree = "<group>"; };
		F7A85A1219550EB900334660 /* MainViewController.xib */ = {isa = PBXFileReference; fileEncoding = 4; lastKnownFileType = file.xib; path = MainViewController.xib; sourceTree = "<group>"; };
/* End PBXFileReference section */

/* Begin PBXFrameworksBuildPhase section */
		F7A859D8195502F700334660 /* Frameworks */ = {
			isa = PBXFrameworksBuildPhase;
			buildActionMask = 2147483647;
			files = (
				F7A859E1195502F700334660 /* CoreGraphics.framework in Frameworks */,
				F7A859E3195502F700334660 /* UIKit.framework in Frameworks */,
				F7A859DF195502F700334660 /* Foundation.framework in Frameworks */,
			);
			runOnlyForDeploymentPostprocessing = 0;
		};
		F7A859F3195502F700334660 /* Frameworks */ = {
			isa = PBXFrameworksBuildPhase;
			buildActionMask = 2147483647;
			files = (
				F7A859F8195502F700334660 /* XCTest.framework in Frameworks */,
				F7A859FA195502F700334660 /* UIKit.framework in Frameworks */,
				F7A859F9195502F700334660 /* Foundation.framework in Frameworks */,
			);
			runOnlyForDeploymentPostprocessing = 0;
		};
/* End PBXFrameworksBuildPhase section */

/* Begin PBXGroup section */
		F7A859D2195502F700334660 = {
			isa = PBXGroup;
			children = (
				F7A859E4195502F700334660 /* paper */,
				F7A859FD195502F700334660 /* paperTests */,
				F7A859DD195502F700334660 /* Frameworks */,
				F7A859DC195502F700334660 /* Products */,
			);
			sourceTree = "<group>";
		};
		F7A859DC195502F700334660 /* Products */ = {
			isa = PBXGroup;
			children = (
				F7A859DB195502F700334660 /* paper.app */,
				F7A859F6195502F700334660 /* paperTests.xctest */,
			);
			name = Products;
			sourceTree = "<group>";
		};
		F7A859DD195502F700334660 /* Frameworks */ = {
			isa = PBXGroup;
			children = (
				F7A859DE195502F700334660 /* Foundation.framework */,
				F7A859E0195502F700334660 /* CoreGraphics.framework */,
				F7A859E2195502F700334660 /* UIKit.framework */,
				F7A859F7195502F700334660 /* XCTest.framework */,
			);
			name = Frameworks;
			sourceTree = "<group>";
		};
		F7A859E4195502F700334660 /* paper */ = {
			isa = PBXGroup;
			children = (
				F7A859ED195502F700334660 /* AppDelegate.h */,
				F7A859EE195502F700334660 /* AppDelegate.m */,
				F7A859F0195502F700334660 /* Images.xcassets */,
				F7A859E5195502F700334660 /* Supporting Files */,
				F7A85A1019550EB900334660 /* MainViewController.h */,
				F7A85A1119550EB900334660 /* MainViewController.m */,
				F7A85A1219550EB900334660 /* MainViewController.xib */,
			);
			path = paper;
			sourceTree = "<group>";
		};
		F7A859E5195502F700334660 /* Supporting Files */ = {
			isa = PBXGroup;
			children = (
				F7A859E6195502F700334660 /* paper-Info.plist */,
				F7A859E7195502F700334660 /* InfoPlist.strings */,
				F7A859EA195502F700334660 /* main.m */,
				F7A859EC195502F700334660 /* paper-Prefix.pch */,
			);
			name = "Supporting Files";
			sourceTree = "<group>";
		};
		F7A859FD195502F700334660 /* paperTests */ = {
			isa = PBXGroup;
			children = (
				F7A85A03195502F700334660 /* paperTests.m */,
				F7A859FE195502F700334660 /* Supporting Files */,
			);
			path = paperTests;
			sourceTree = "<group>";
		};
		F7A859FE195502F700334660 /* Supporting Files */ = {
			isa = PBXGroup;
			children = (
				F7A859FF195502F700334660 /* paperTests-Info.plist */,
				F7A85A00195502F700334660 /* InfoPlist.strings */,
			);
			name = "Supporting Files";
			sourceTree = "<group>";
		};
/* End PBXGroup section */

/* Begin PBXNativeTarget section */
		F7A859DA195502F700334660 /* paper */ = {
			isa = PBXNativeTarget;
			buildConfigurationList = F7A85A07195502F700334660 /* Build configuration list for PBXNativeTarget "paper" */;
			buildPhases = (
				F7A859D7195502F700334660 /* Sources */,
				F7A859D8195502F700334660 /* Frameworks */,
				F7A859D9195502F700334660 /* Resources */,
			);
			buildRules = (
			);
			dependencies = (
			);
			name = paper;
			productName = paper;
			productReference = F7A859DB195502F700334660 /* paper.app */;
			productType = "com.apple.product-type.application";
		};
		F7A859F5195502F700334660 /* paperTests */ = {
			isa = PBXNativeTarget;
			buildConfigurationList = F7A85A0A195502F700334660 /* Build configuration list for PBXNativeTarget "paperTests" */;
			buildPhases = (
				F7A859F2195502F700334660 /* Sources */,
				F7A859F3195502F700334660 /* Frameworks */,
				F7A859F4195502F700334660 /* Resources */,
			);
			buildRules = (
			);
			dependencies = (
				F7A859FC195502F700334660 /* PBXTargetDependency */,
			);
			name = paperTests;
			productName = paperTests;
			productReference = F7A859F6195502F700334660 /* paperTests.xctest */;
			productType = "com.apple.product-type.bundle.unit-test";
		};
/* End PBXNativeTarget section */

/* Begin PBXProject section */
		F7A859D3195502F700334660 /* Project object */ = {
			isa = PBXProject;
			attributes = {
				LastUpgradeCheck = 0510;
				ORGANIZATIONNAME = yahoo;
				TargetAttributes = {
					F7A859F5195502F700334660 = {
						TestTargetID = F7A859DA195502F700334660;
					};
				};
			};
			buildConfigurationList = F7A859D6195502F700334660 /* Build configuration list for PBXProject "paper" */;
			compatibilityVersion = "Xcode 3.2";
			developmentRegion = English;
			hasScannedForEncodings = 0;
			knownRegions = (
				en,
			);
			mainGroup = F7A859D2195502F700334660;
			productRefGroup = F7A859DC195502F700334660 /* Products */;
			projectDirPath = "";
			projectRoot = "";
			targets = (
				F7A859DA195502F700334660 /* paper */,
				F7A859F5195502F700334660 /* paperTests */,
			);
		};
/* End PBXProject section */

/* Begin PBXResourcesBuildPhase section */
		F7A859D9195502F700334660 /* Resources */ = {
			isa = PBXResourcesBuildPhase;
			buildActionMask = 2147483647;
			files = (
				F7A859E9195502F700334660 /* InfoPlist.strings in Resources */,
				F7A85A1419550EB900334660 /* MainViewController.xib in Resources */,
				F7A859F1195502F700334660 /* Images.xcassets in Resources */,
			);
			runOnlyForDeploymentPostprocessing = 0;
		};
		F7A859F4195502F700334660 /* Resources */ = {
			isa = PBXResourcesBuildPhase;
			buildActionMask = 2147483647;
			files = (
				F7A85A02195502F700334660 /* InfoPlist.strings in Resources */,
			);
			runOnlyForDeploymentPostprocessing = 0;
		};
/* End PBXResourcesBuildPhase section */

/* Begin PBXSourcesBuildPhase section */
		F7A859D7195502F700334660 /* Sources */ = {
			isa = PBXSourcesBuildPhase;
			buildActionMask = 2147483647;
			files = (
				F7A859EF195502F700334660 /* AppDelegate.m in Sources */,
				F7A85A1319550EB900334660 /* MainViewController.m in Sources */,
				F7A859EB195502F700334660 /* main.m in Sources */,
			);
			runOnlyForDeploymentPostprocessing = 0;
		};
		F7A859F2195502F700334660 /* Sources */ = {
			isa = PBXSourcesBuildPhase;
			buildActionMask = 2147483647;
			files = (
				F7A85A04195502F700334660 /* paperTests.m in Sources */,
			);
			runOnlyForDeploymentPostprocessing = 0;
		};
/* End PBXSourcesBuildPhase section */

/* Begin PBXTargetDependency section */
		F7A859FC195502F700334660 /* PBXTargetDependency */ = {
			isa = PBXTargetDependency;
			target = F7A859DA195502F700334660 /* paper */;
			targetProxy = F7A859FB195502F700334660 /* PBXContainerItemProxy */;
		};
/* End PBXTargetDependency section */

/* Begin PBXVariantGroup section */
		F7A859E7195502F700334660 /* InfoPlist.strings */ = {
			isa = PBXVariantGroup;
			children = (
				F7A859E8195502F700334660 /* en */,
			);
			name = InfoPlist.strings;
			sourceTree = "<group>";
		};
		F7A85A00195502F700334660 /* InfoPlist.strings */ = {
			isa = PBXVariantGroup;
			children = (
				F7A85A01195502F700334660 /* en */,
			);
			name = InfoPlist.strings;
			sourceTree = "<group>";
		};
/* End PBXVariantGroup section */

/* Begin XCBuildConfiguration section */
		F7A85A05195502F700334660 /* Debug */ = {
			isa = XCBuildConfiguration;
			buildSettings = {
				ALWAYS_SEARCH_USER_PATHS = NO;
				CLANG_CXX_LANGUAGE_STANDARD = "gnu++0x";
				CLANG_CXX_LIBRARY = "libc++";
				CLANG_ENABLE_MODULES = YES;
				CLANG_ENABLE_OBJC_ARC = YES;
				CLANG_WARN_BOOL_CONVERSION = YES;
				CLANG_WARN_CONSTANT_CONVERSION = YES;
				CLANG_WARN_DIRECT_OBJC_ISA_USAGE = YES_ERROR;
				CLANG_WARN_EMPTY_BODY = YES;
				CLANG_WARN_ENUM_CONVERSION = YES;
				CLANG_WARN_INT_CONVERSION = YES;
				CLANG_WARN_OBJC_ROOT_CLASS = YES_ERROR;
				CLANG_WARN__DUPLICATE_METHOD_MATCH = YES;
				"CODE_SIGN_IDENTITY[sdk=iphoneos*]" = "iPhone Developer";
				COPY_PHASE_STRIP = NO;
				GCC_C_LANGUAGE_STANDARD = gnu99;
				GCC_DYNAMIC_NO_PIC = NO;
				GCC_OPTIMIZATION_LEVEL = 0;
				GCC_PREPROCESSOR_DEFINITIONS = (
					"DEBUG=1",
					"$(inherited)",
				);
				GCC_SYMBOLS_PRIVATE_EXTERN = NO;
				GCC_WARN_64_TO_32_BIT_CONVERSION = YES;
				GCC_WARN_ABOUT_RETURN_TYPE = YES_ERROR;
				GCC_WARN_UNDECLARED_SELECTOR = YES;
				GCC_WARN_UNINITIALIZED_AUTOS = YES_AGGRESSIVE;
				GCC_WARN_UNUSED_FUNCTION = YES;
				GCC_WARN_UNUSED_VARIABLE = YES;
				IPHONEOS_DEPLOYMENT_TARGET = 7.1;
				ONLY_ACTIVE_ARCH = YES;
				SDKROOT = iphoneos;
			};
			name = Debug;
		};
		F7A85A06195502F700334660 /* Release */ = {
			isa = XCBuildConfiguration;
			buildSettings = {
				ALWAYS_SEARCH_USER_PATHS = NO;
				CLANG_CXX_LANGUAGE_STANDARD = "gnu++0x";
				CLANG_CXX_LIBRARY = "libc++";
				CLANG_ENABLE_MODULES = YES;
				CLANG_ENABLE_OBJC_ARC = YES;
				CLANG_WARN_BOOL_CONVERSION = YES;
				CLANG_WARN_CONSTANT_CONVERSION = YES;
				CLANG_WARN_DIRECT_OBJC_ISA_USAGE = YES_ERROR;
				CLANG_WARN_EMPTY_BODY = YES;
				CLANG_WARN_ENUM_CONVERSION = YES;
				CLANG_WARN_INT_CONVERSION = YES;
				CLANG_WARN_OBJC_ROOT_CLASS = YES_ERROR;
				CLANG_WARN__DUPLICATE_METHOD_MATCH = YES;
				"CODE_SIGN_IDENTITY[sdk=iphoneos*]" = "iPhone Developer";
				COPY_PHASE_STRIP = YES;
				ENABLE_NS_ASSERTIONS = NO;
				GCC_C_LANGUAGE_STANDARD = gnu99;
				GCC_WARN_64_TO_32_BIT_CONVERSION = YES;
				GCC_WARN_ABOUT_RETURN_TYPE = YES_ERROR;
				GCC_WARN_UNDECLARED_SELECTOR = YES;
				GCC_WARN_UNINITIALIZED_AUTOS = YES_AGGRESSIVE;
				GCC_WARN_UNUSED_FUNCTION = YES;
				GCC_WARN_UNUSED_VARIABLE = YES;
				IPHONEOS_DEPLOYMENT_TARGET = 7.1;
				SDKROOT = iphoneos;
				VALIDATE_PRODUCT = YES;
			};
			name = Release;
		};
		F7A85A08195502F700334660 /* Debug */ = {
			isa = XCBuildConfiguration;
			buildSettings = {
				ASSETCATALOG_COMPILER_APPICON_NAME = AppIcon;
				ASSETCATALOG_COMPILER_LAUNCHIMAGE_NAME = LaunchImage;
				GCC_PRECOMPILE_PREFIX_HEADER = YES;
				GCC_PREFIX_HEADER = "paper/paper-Prefix.pch";
				INFOPLIST_FILE = "paper/paper-Info.plist";
				PRODUCT_NAME = "$(TARGET_NAME)";
				WRAPPER_EXTENSION = app;
			};
			name = Debug;
		};
		F7A85A09195502F700334660 /* Release */ = {
			isa = XCBuildConfiguration;
			buildSettings = {
				ASSETCATALOG_COMPILER_APPICON_NAME = AppIcon;
				ASSETCATALOG_COMPILER_LAUNCHIMAGE_NAME = LaunchImage;
				GCC_PRECOMPILE_PREFIX_HEADER = YES;
				GCC_PREFIX_HEADER = "paper/paper-Prefix.pch";
				INFOPLIST_FILE = "paper/paper-Info.plist";
				PRODUCT_NAME = "$(TARGET_NAME)";
				WRAPPER_EXTENSION = app;
			};
			name = Release;
		};
		F7A85A0B195502F700334660 /* Debug */ = {
			isa = XCBuildConfiguration;
			buildSettings = {
				BUNDLE_LOADER = "$(BUILT_PRODUCTS_DIR)/paper.app/paper";
				FRAMEWORK_SEARCH_PATHS = (
					"$(SDKROOT)/Developer/Library/Frameworks",
					"$(inherited)",
					"$(DEVELOPER_FRAMEWORKS_DIR)",
				);
				GCC_PRECOMPILE_PREFIX_HEADER = YES;
				GCC_PREFIX_HEADER = "paper/paper-Prefix.pch";
				GCC_PREPROCESSOR_DEFINITIONS = (
					"DEBUG=1",
					"$(inherited)",
				);
				INFOPLIST_FILE = "paperTests/paperTests-Info.plist";
				PRODUCT_NAME = "$(TARGET_NAME)";
				TEST_HOST = "$(BUNDLE_LOADER)";
				WRAPPER_EXTENSION = xctest;
			};
			name = Debug;
		};
		F7A85A0C195502F700334660 /* Release */ = {
			isa = XCBuildConfiguration;
			buildSettings = {
				BUNDLE_LOADER = "$(BUILT_PRODUCTS_DIR)/paper.app/paper";
				FRAMEWORK_SEARCH_PATHS = (
					"$(SDKROOT)/Developer/Library/Frameworks",
					"$(inherited)",
					"$(DEVELOPER_FRAMEWORKS_DIR)",
				);
				GCC_PRECOMPILE_PREFIX_HEADER = YES;
				GCC_PREFIX_HEADER = "paper/paper-Prefix.pch";
				INFOPLIST_FILE = "paperTests/paperTests-Info.plist";
				PRODUCT_NAME = "$(TARGET_NAME)";
				TEST_HOST = "$(BUNDLE_LOADER)";
				WRAPPER_EXTENSION = xctest;
			};
			name = Release;
		};
/* End XCBuildConfiguration section */

/* Begin XCConfigurationList section */
		F7A859D6195502F700334660 /* Build configuration list for PBXProject "paper" */ = {
			isa = XCConfigurationList;
			buildConfigurations = (
				F7A85A05195502F700334660 /* Debug */,
				F7A85A06195502F700334660 /* Release */,
			);
			defaultConfigurationIsVisible = 0;
			defaultConfigurationName = Release;
		};
		F7A85A07195502F700334660 /* Build configuration list for PBXNativeTarget "paper" */ = {
			isa = XCConfigurationList;
			buildConfigurations = (
				F7A85A08195502F700334660 /* Debug */,
				F7A85A09195502F700334660 /* Release */,
			);
			defaultConfigurationIsVisible = 0;
		};
		F7A85A0A195502F700334660 /* Build configuration list for PBXNativeTarget "paperTests" */ = {
			isa = XCConfigurationList;
			buildConfigurations = (
				F7A85A0B195502F700334660 /* Debug */,
				F7A85A0C195502F700334660 /* Release */,
			);
			defaultConfigurationIsVisible = 0;
		};
/* End XCConfigurationList section */
	};
	rootObject = F7A859D3195502F700334660 /* Project object */;
}
